
Microsoft Visual Studio Solution File, Format Version 11.00
# Visual Studio 2010
Project("{FAE04EC0-301F-11D3-BF4B-00C04F79EFBC}") = "RealidadAumentada", "Assembly-CSharp.csproj", "{416B363B-B391-8292-0961-31C5CDA0C23E}"
EndProject
Project("{FAE04EC0-301F-11D3-BF4B-00C04F79EFBC}") = "RealidadAumentada", "Assembly-CSharp-Editor.csproj", "{F6235CAA-2361-DB88-268D-D2790CDAE3D5}"
EndProject
Global
	GlobalSection(SolutionConfigurationPlatforms) = preSolution
		Debug|Any CPU = Debug|Any CPU
		Release|Any CPU = Release|Any CPU
	EndGlobalSection
	GlobalSection(ProjectConfigurationPlatforms) = postSolution
		{416B363B-B391-8292-0961-31C5CDA0C23E}.Debug|Any CPU.ActiveCfg = Debug|Any CPU
		{416B363B-B391-8292-0961-31C5CDA0C23E}.Debug|Any CPU.Build.0 = Debug|Any CPU
		{416B363B-B391-8292-0961-31C5CDA0C23E}.Release|Any CPU.ActiveCfg = Release|Any CPU
		{416B363B-B391-8292-0961-31C5CDA0C23E}.Release|Any CPU.Build.0 = Release|Any CPU
		{F6235CAA-2361-DB88-268D-D2790CDAE3D5}.Debug|Any CPU.ActiveCfg = Debug|Any CPU
		{F6235CAA-2361-DB88-268D-D2790CDAE3D5}.Debug|Any CPU.Build.0 = Debug|Any CPU
		{F6235CAA-2361-DB88-268D-D2790CDAE3D5}.Release|Any CPU.ActiveCfg = Release|Any CPU
		{F6235CAA-2361-DB88-268D-D2790CDAE3D5}.Release|Any CPU.Build.0 = Release|Any CPU
	EndGlobalSection
	GlobalSection(SolutionProperties) = preSolution
		HideSolutionNode = FALSE
	EndGlobalSection
	GlobalSection(MonoDevelopProperties) = preSolution
		StartupItem = Assembly-CSharp.csproj
	EndGlobalSection
EndGlobal
